
Microsoft Visual Studio Solution File, Format Version 12.00
# Visual Studio 15
VisualStudioVersion = 15.0.27703.2035
MinimumVisualStudioVersion = 10.0.40219.1
Project("{FAE04EC0-301F-11D3-BF4B-00C04F79EFBC}") = "SimpleCrawler", "SimpleCrawler\SimpleCrawler.csproj", "{4D6D50ED-C943-4081-979A-E5B07771209F}"
EndProject
Global
	GlobalSection(SolutionConfigurationPlatforms) = preSolution
		Debug|Any CPU = Debug|Any CPU
		Release|Any CPU = Release|Any CPU
	EndGlobalSection
	GlobalSection(ProjectConfigurationPlatforms) = postSolution
		{4D6D50ED-C943-4081-979A-E5B07771209F}.Debug|Any CPU.ActiveCfg = Debug|Any CPU
		{4D6D50ED-C943-4081-979A-E5B07771209F}.Debug|Any CPU.Build.0 = Debug|Any CPU
		{4D6D50ED-C943-4081-979A-E5B07771209F}.Release|Any CPU.ActiveCfg = Release|Any CPU
		{4D6D50ED-C943-4081-979A-E5B07771209F}.Release|Any CPU.Build.0 = Release|Any CPU
	EndGlobalSection
	GlobalSection(SolutionProperties) = preSolution
		HideSolutionNode = FALSE
	EndGlobalSection
	GlobalSection(ExtensibilityGlobals) = postSolution
		SolutionGuid = {D7718876-6737-4E0D-BD62-E07832F02A33}
	EndGlobalSection
EndGlobal
