
Microsoft Visual Studio Solution File, Format Version 12.00
# Visual Studio 15
VisualStudioVersion = 15.0.27703.2035
MinimumVisualStudioVersion = 10.0.40219.1
Project("{FAE04EC0-301F-11D3-BF4B-00C04F79EFBC}") = "Progrem", "Progrem\Progrem.csproj", "{7825FBDA-6B5C-44C1-B4DE-748D70221CED}"
EndProject
Project("{FAE04EC0-301F-11D3-BF4B-00C04F79EFBC}") = "Progrem2", "Progrem2\Progrem2.csproj", "{F9B2E847-B232-4F07-89B2-427D9B9B2A89}"
EndProject
Global
	GlobalSection(SolutionConfigurationPlatforms) = preSolution
		Debug|Any CPU = Debug|Any CPU
		Release|Any CPU = Release|Any CPU
	EndGlobalSection
	GlobalSection(ProjectConfigurationPlatforms) = postSolution
		{7825FBDA-6B5C-44C1-B4DE-748D70221CED}.Debug|Any CPU.ActiveCfg = Debug|Any CPU
		{7825FBDA-6B5C-44C1-B4DE-748D70221CED}.Debug|Any CPU.Build.0 = Debug|Any CPU
		{7825FBDA-6B5C-44C1-B4DE-748D70221CED}.Release|Any CPU.ActiveCfg = Release|Any CPU
		{7825FBDA-6B5C-44C1-B4DE-748D70221CED}.Release|Any CPU.Build.0 = Release|Any CPU
		{F9B2E847-B232-4F07-89B2-427D9B9B2A89}.Debug|Any CPU.ActiveCfg = Debug|Any CPU
		{F9B2E847-B232-4F07-89B2-427D9B9B2A89}.Debug|Any CPU.Build.0 = Debug|Any CPU
		{F9B2E847-B232-4F07-89B2-427D9B9B2A89}.Release|Any CPU.ActiveCfg = Release|Any CPU
		{F9B2E847-B232-4F07-89B2-427D9B9B2A89}.Release|Any CPU.Build.0 = Release|Any CPU
	EndGlobalSection
	GlobalSection(SolutionProperties) = preSolution
		HideSolutionNode = FALSE
	EndGlobalSection
	GlobalSection(ExtensibilityGlobals) = postSolution
		SolutionGuid = {B5617C87-77A2-49A4-B484-E8EE7244E6C6}
	EndGlobalSection
EndGlobal
