
Microsoft Visual Studio Solution File, Format Version 12.00
# Visual Studio 15
VisualStudioVersion = 15.0.28307.136
MinimumVisualStudioVersion = 10.0.40219.1
Project("{FAE04EC0-301F-11D3-BF4B-00C04F79EFBC}") = "WpfApp1", "WpfApp1\WpfApp1.csproj", "{0EE03ADB-3225-4D98-A832-9AD6B8E04D44}"
EndProject
Global
	GlobalSection(SolutionConfigurationPlatforms) = preSolution
		Debug|Any CPU = Debug|Any CPU
		Release|Any CPU = Release|Any CPU
	EndGlobalSection
	GlobalSection(ProjectConfigurationPlatforms) = postSolution
		{0EE03ADB-3225-4D98-A832-9AD6B8E04D44}.Debug|Any CPU.ActiveCfg = Debug|Any CPU
		{0EE03ADB-3225-4D98-A832-9AD6B8E04D44}.Debug|Any CPU.Build.0 = Debug|Any CPU
		{0EE03ADB-3225-4D98-A832-9AD6B8E04D44}.Release|Any CPU.ActiveCfg = Release|Any CPU
		{0EE03ADB-3225-4D98-A832-9AD6B8E04D44}.Release|Any CPU.Build.0 = Release|Any CPU
	EndGlobalSection
	GlobalSection(SolutionProperties) = preSolution
		HideSolutionNode = FALSE
	EndGlobalSection
	GlobalSection(ExtensibilityGlobals) = postSolution
		SolutionGuid = {4FE33DC4-3FD2-429E-844E-2586AAF758EF}
	EndGlobalSection
EndGlobal
